
Microsoft Visual Studio Solution File, Format Version 12.00
# Visual Studio 15
Project("{FAE04EC0-301F-11D3-BF4B-00C04F79EFBC}") = "Oculus.Platform", "Oculus.Platform.csproj", "{7B020997-E9EA-0695-9D84-1ABE7821E781}"
EndProject
Project("{FAE04EC0-301F-11D3-BF4B-00C04F79EFBC}") = "Assembly-CSharp", "Assembly-CSharp.csproj", "{E19CE8A2-3113-1535-9838-25BA4FF71EAC}"
EndProject
Project("{FAE04EC0-301F-11D3-BF4B-00C04F79EFBC}") = "Oculus.Interaction", "Oculus.Interaction.csproj", "{3DF99094-FE2A-ED6E-6A43-E7FE6C515057}"
EndProject
Project("{FAE04EC0-301F-11D3-BF4B-00C04F79EFBC}") = "Oculus.VR", "Oculus.VR.csproj", "{272CE976-7B5A-6B94-975F-CAAFB432745E}"
EndProject
Project("{FAE04EC0-301F-11D3-BF4B-00C04F79EFBC}") = "VoiceSDK.Dictation.Runtime", "VoiceSDK.Dictation.Runtime.csproj", "{754C3A58-7829-2C79-9A46-729CC6D4A811}"
EndProject
Project("{FAE04EC0-301F-11D3-BF4B-00C04F79EFBC}") = "VoiceSDK.Runtime", "VoiceSDK.Runtime.csproj", "{6CCA5341-5E5E-6D05-279B-37B2BA28740E}"
EndProject
Project("{FAE04EC0-301F-11D3-BF4B-00C04F79EFBC}") = "Meta.WitAi", "Meta.WitAi.csproj", "{4748FD06-6C63-A220-6EF7-2F8CE767E7AE}"
EndProject
Project("{FAE04EC0-301F-11D3-BF4B-00C04F79EFBC}") = "Meta.WitAi.Lib", "Meta.WitAi.Lib.csproj", "{2ABA157B-30BF-745B-638E-28D06536B1B5}"
EndProject
Project("{FAE04EC0-301F-11D3-BF4B-00C04F79EFBC}") = "Oculus.Interaction.OVR.Samples", "Oculus.Interaction.OVR.Samples.csproj", "{E3F47C37-D7A7-94D3-03E8-9E20E3CAF794}"
EndProject
Project("{FAE04EC0-301F-11D3-BF4B-00C04F79EFBC}") = "Meta.WitAi.TTS.Samples", "Meta.WitAi.TTS.Samples.csproj", "{875E5CC6-D398-8322-F2C1-216B09CF9CB7}"
EndProject
Project("{FAE04EC0-301F-11D3-BF4B-00C04F79EFBC}") = "Oculus.Voice.Demo", "Oculus.Voice.Demo.csproj", "{54197C01-2294-66CA-06AA-759311499874}"
EndProject
Project("{FAE04EC0-301F-11D3-BF4B-00C04F79EFBC}") = "Oculus.Interaction.OVR", "Oculus.Interaction.OVR.csproj", "{67D28BC9-EA8E-08B6-04BC-627951471EEF}"
EndProject
Project("{FAE04EC0-301F-11D3-BF4B-00C04F79EFBC}") = "AssistantCoreSDKRuntime", "AssistantCoreSDKRuntime.csproj", "{4230A9EE-571A-AF65-02F2-DCB38F495DC1}"
EndProject
Project("{FAE04EC0-301F-11D3-BF4B-00C04F79EFBC}") = "Meta.WitAi.Conduit", "Meta.WitAi.Conduit.csproj", "{04F05BA2-D8E3-6C3C-165F-5797F0E01464}"
EndProject
Project("{FAE04EC0-301F-11D3-BF4B-00C04F79EFBC}") = "Oculus.AudioManager", "Oculus.AudioManager.csproj", "{88EB4C28-3997-27F7-0425-3832F1BDA558}"
EndProject
Project("{FAE04EC0-301F-11D3-BF4B-00C04F79EFBC}") = "Oculus.LipSync", "Oculus.LipSync.csproj", "{7AF43C29-A5F6-BC78-F673-040DEC58D606}"
EndProject
Project("{FAE04EC0-301F-11D3-BF4B-00C04F79EFBC}") = "Oculus.Spatializer", "Oculus.Spatializer.csproj", "{F6D81C86-177E-08B1-C7EB-5D289E1A1AE4}"
EndProject
Project("{FAE04EC0-301F-11D3-BF4B-00C04F79EFBC}") = "Meta.VoiceSDK.Mic.Other", "Meta.VoiceSDK.Mic.Other.csproj", "{D956C46C-CB24-C17C-D667-87BD7FBDF830}"
EndProject
Project("{FAE04EC0-301F-11D3-BF4B-00C04F79EFBC}") = "Meta.VoiceSDK.Mic.Common", "Meta.VoiceSDK.Mic.Common.csproj", "{E2BCE3DC-5954-C1DF-6C4E-1F5B3F9F9A34}"
EndProject
Project("{FAE04EC0-301F-11D3-BF4B-00C04F79EFBC}") = "Facebook.Wit.Dictation", "Facebook.Wit.Dictation.csproj", "{750BF28A-5E90-F0A5-D547-D32C6958A3E3}"
EndProject
Project("{FAE04EC0-301F-11D3-BF4B-00C04F79EFBC}") = "Meta.WitAi.TTS", "Meta.WitAi.TTS.csproj", "{AB6F4488-ECB6-9F40-FA78-CC331FA087D6}"
EndProject
Project("{FAE04EC0-301F-11D3-BF4B-00C04F79EFBC}") = "Meta.WitAi.Editor", "Meta.WitAi.Editor.csproj", "{3832F91B-2461-EE86-7598-12925DFCB208}"
EndProject
Project("{FAE04EC0-301F-11D3-BF4B-00C04F79EFBC}") = "Meta.WitAI.Lib.Editor", "Meta.WitAI.Lib.Editor.csproj", "{E2B1C943-8325-3F2A-DAAA-496338477019}"
EndProject
Project("{FAE04EC0-301F-11D3-BF4B-00C04F79EFBC}") = "Oculus.VR.Editor", "Oculus.VR.Editor.csproj", "{08815A10-9AC1-A9D0-5639-3817EE34A2D9}"
EndProject
Project("{FAE04EC0-301F-11D3-BF4B-00C04F79EFBC}") = "Meta.WitAi.Conduit.Editor", "Meta.WitAi.Conduit.Editor.csproj", "{B20187EE-7A5E-854D-E5A4-041A8A6F1DB7}"
EndProject
Project("{FAE04EC0-301F-11D3-BF4B-00C04F79EFBC}") = "Oculus.Interaction.Editor", "Oculus.Interaction.Editor.csproj", "{C0D7ED93-F9BF-9DA7-44DD-9BE5376CEFE2}"
EndProject
Project("{FAE04EC0-301F-11D3-BF4B-00C04F79EFBC}") = "Oculus.Interaction.OVR.Editor", "Oculus.Interaction.OVR.Editor.csproj", "{5D0608B5-4FC9-70A5-8A61-E8E7EAE57CC7}"
EndProject
Project("{FAE04EC0-301F-11D3-BF4B-00C04F79EFBC}") = "Assembly-CSharp-Editor", "Assembly-CSharp-Editor.csproj", "{F736B3E2-346D-0CA9-B3FB-B8A4E54181E3}"
EndProject
Project("{FAE04EC0-301F-11D3-BF4B-00C04F79EFBC}") = "Oculus.VR.Scripts.Editor", "Oculus.VR.Scripts.Editor.csproj", "{90C7946B-B86A-9080-D27E-11DE17C9E5F6}"
EndProject
Project("{FAE04EC0-301F-11D3-BF4B-00C04F79EFBC}") = "Oculus.Spatializer.Editor", "Oculus.Spatializer.Editor.csproj", "{E8535FEA-2248-33E9-1FDC-88FC220A4330}"
EndProject
Project("{FAE04EC0-301F-11D3-BF4B-00C04F79EFBC}") = "Meta.WitAi.TTS.Editor", "Meta.WitAi.TTS.Editor.csproj", "{EF03FA7F-B587-6B6E-8761-C9FC5CE20CDF}"
EndProject
Project("{FAE04EC0-301F-11D3-BF4B-00C04F79EFBC}") = "VoiceSDK.Dictation.Editor", "VoiceSDK.Dictation.Editor.csproj", "{B7E22A61-3572-D96E-DFA7-EE75AEBB4E40}"
EndProject
Project("{FAE04EC0-301F-11D3-BF4B-00C04F79EFBC}") = "Oculus.Platform.Editor", "Oculus.Platform.Editor.csproj", "{3118A953-FF90-E02F-1C23-967C5DCC176B}"
EndProject
Project("{FAE04EC0-301F-11D3-BF4B-00C04F79EFBC}") = "VoiceSDK.Editor", "VoiceSDK.Editor.csproj", "{3A585309-D781-8A7E-CF66-185765F28423}"
EndProject
Project("{FAE04EC0-301F-11D3-BF4B-00C04F79EFBC}") = "Oculus.AudioManager.Audio.Editor", "Oculus.AudioManager.Audio.Editor.csproj", "{F58F1152-B7C4-A2B5-5EAC-A18B5C1805E9}"
EndProject
Project("{FAE04EC0-301F-11D3-BF4B-00C04F79EFBC}") = "Oculus.LipSync.Editor", "Oculus.LipSync.Editor.csproj", "{01DFDC65-DE6E-73BE-981A-128ECE30DB51}"
EndProject
Project("{FAE04EC0-301F-11D3-BF4B-00C04F79EFBC}") = "Oculus.AudioManager.Utils.Editor", "Oculus.AudioManager.Utils.Editor.csproj", "{AE27A0AB-331F-9988-33D0-9D7B05095922}"
EndProject
Project("{FAE04EC0-301F-11D3-BF4B-00C04F79EFBC}") = "Oculus.Interaction.Samples.Editor", "Oculus.Interaction.Samples.Editor.csproj", "{11921A5E-2BAC-3E00-104D-029C766271F6}"
EndProject
Project("{FAE04EC0-301F-11D3-BF4B-00C04F79EFBC}") = "Facebook.Wit.Dictation.Editor", "Facebook.Wit.Dictation.Editor.csproj", "{0CDC5542-9C9E-A624-0BDC-31D1F155C324}"
EndProject
Project("{FAE04EC0-301F-11D3-BF4B-00C04F79EFBC}") = "Oculus.Interaction.InterfaceSupport", "Oculus.Interaction.InterfaceSupport.csproj", "{B00471F1-E56E-AA15-51B5-FB7A6400E988}"
EndProject
Project("{FAE04EC0-301F-11D3-BF4B-00C04F79EFBC}") = "AssistantCoreSDKEditor", "AssistantCoreSDKEditor.csproj", "{7B52566C-FB4C-4EEA-01B4-171D90410350}"
EndProject
Global
	GlobalSection(SolutionConfigurationPlatforms) = preSolution
		Debug|Any CPU = Debug|Any CPU
		Release|Any CPU = Release|Any CPU
	EndGlobalSection
	GlobalSection(ProjectConfigurationPlatforms) = postSolution
		{7B020997-E9EA-0695-9D84-1ABE7821E781}.Debug|Any CPU.ActiveCfg = Debug|Any CPU
		{7B020997-E9EA-0695-9D84-1ABE7821E781}.Debug|Any CPU.Build.0 = Debug|Any CPU
		{7B020997-E9EA-0695-9D84-1ABE7821E781}.Release|Any CPU.ActiveCfg = Release|Any CPU
		{7B020997-E9EA-0695-9D84-1ABE7821E781}.Release|Any CPU.Build.0 = Release|Any CPU
		{E19CE8A2-3113-1535-9838-25BA4FF71EAC}.Debug|Any CPU.ActiveCfg = Debug|Any CPU
		{E19CE8A2-3113-1535-9838-25BA4FF71EAC}.Debug|Any CPU.Build.0 = Debug|Any CPU
		{E19CE8A2-3113-1535-9838-25BA4FF71EAC}.Release|Any CPU.ActiveCfg = Release|Any CPU
		{E19CE8A2-3113-1535-9838-25BA4FF71EAC}.Release|Any CPU.Build.0 = Release|Any CPU
		{3DF99094-FE2A-ED6E-6A43-E7FE6C515057}.Debug|Any CPU.ActiveCfg = Debug|Any CPU
		{3DF99094-FE2A-ED6E-6A43-E7FE6C515057}.Debug|Any CPU.Build.0 = Debug|Any CPU
		{3DF99094-FE2A-ED6E-6A43-E7FE6C515057}.Release|Any CPU.ActiveCfg = Release|Any CPU
		{3DF99094-FE2A-ED6E-6A43-E7FE6C515057}.Release|Any CPU.Build.0 = Release|Any CPU
		{272CE976-7B5A-6B94-975F-CAAFB432745E}.Debug|Any CPU.ActiveCfg = Debug|Any CPU
		{272CE976-7B5A-6B94-975F-CAAFB432745E}.Debug|Any CPU.Build.0 = Debug|Any CPU
		{272CE976-7B5A-6B94-975F-CAAFB432745E}.Release|Any CPU.ActiveCfg = Release|Any CPU
		{272CE976-7B5A-6B94-975F-CAAFB432745E}.Release|Any CPU.Build.0 = Release|Any CPU
		{754C3A58-7829-2C79-9A46-729CC6D4A811}.Debug|Any CPU.ActiveCfg = Debug|Any CPU
		{754C3A58-7829-2C79-9A46-729CC6D4A811}.Debug|Any CPU.Build.0 = Debug|Any CPU
		{754C3A58-7829-2C79-9A46-729CC6D4A811}.Release|Any CPU.ActiveCfg = Release|Any CPU
		{754C3A58-7829-2C79-9A46-729CC6D4A811}.Release|Any CPU.Build.0 = Release|Any CPU
		{6CCA5341-5E5E-6D05-279B-37B2BA28740E}.Debug|Any CPU.ActiveCfg = Debug|Any CPU
		{6CCA5341-5E5E-6D05-279B-37B2BA28740E}.Debug|Any CPU.Build.0 = Debug|Any CPU
		{6CCA5341-5E5E-6D05-279B-37B2BA28740E}.Release|Any CPU.ActiveCfg = Release|Any CPU
		{6CCA5341-5E5E-6D05-279B-37B2BA28740E}.Release|Any CPU.Build.0 = Release|Any CPU
		{4748FD06-6C63-A220-6EF7-2F8CE767E7AE}.Debug|Any CPU.ActiveCfg = Debug|Any CPU
		{4748FD06-6C63-A220-6EF7-2F8CE767E7AE}.Debug|Any CPU.Build.0 = Debug|Any CPU
		{4748FD06-6C63-A220-6EF7-2F8CE767E7AE}.Release|Any CPU.ActiveCfg = Release|Any CPU
		{4748FD06-6C63-A220-6EF7-2F8CE767E7AE}.Release|Any CPU.Build.0 = Release|Any CPU
		{2ABA157B-30BF-745B-638E-28D06536B1B5}.Debug|Any CPU.ActiveCfg = Debug|Any CPU
		{2ABA157B-30BF-745B-638E-28D06536B1B5}.Debug|Any CPU.Build.0 = Debug|Any CPU
		{2ABA157B-30BF-745B-638E-28D06536B1B5}.Release|Any CPU.ActiveCfg = Release|Any CPU
		{2ABA157B-30BF-745B-638E-28D06536B1B5}.Release|Any CPU.Build.0 = Release|Any CPU
		{E3F47C37-D7A7-94D3-03E8-9E20E3CAF794}.Debug|Any CPU.ActiveCfg = Debug|Any CPU
		{E3F47C37-D7A7-94D3-03E8-9E20E3CAF794}.Debug|Any CPU.Build.0 = Debug|Any CPU
		{E3F47C37-D7A7-94D3-03E8-9E20E3CAF794}.Release|Any CPU.ActiveCfg = Release|Any CPU
		{E3F47C37-D7A7-94D3-03E8-9E20E3CAF794}.Release|Any CPU.Build.0 = Release|Any CPU
		{875E5CC6-D398-8322-F2C1-216B09CF9CB7}.Debug|Any CPU.ActiveCfg = Debug|Any CPU
		{875E5CC6-D398-8322-F2C1-216B09CF9CB7}.Debug|Any CPU.Build.0 = Debug|Any CPU
		{875E5CC6-D398-8322-F2C1-216B09CF9CB7}.Release|Any CPU.ActiveCfg = Release|Any CPU
		{875E5CC6-D398-8322-F2C1-216B09CF9CB7}.Release|Any CPU.Build.0 = Release|Any CPU
		{54197C01-2294-66CA-06AA-759311499874}.Debug|Any CPU.ActiveCfg = Debug|Any CPU
		{54197C01-2294-66CA-06AA-759311499874}.Debug|Any CPU.Build.0 = Debug|Any CPU
		{54197C01-2294-66CA-06AA-759311499874}.Release|Any CPU.ActiveCfg = Release|Any CPU
		{54197C01-2294-66CA-06AA-759311499874}.Release|Any CPU.Build.0 = Release|Any CPU
		{67D28BC9-EA8E-08B6-04BC-627951471EEF}.Debug|Any CPU.ActiveCfg = Debug|Any CPU
		{67D28BC9-EA8E-08B6-04BC-627951471EEF}.Debug|Any CPU.Build.0 = Debug|Any CPU
		{67D28BC9-EA8E-08B6-04BC-627951471EEF}.Release|Any CPU.ActiveCfg = Release|Any CPU
		{67D28BC9-EA8E-08B6-04BC-627951471EEF}.Release|Any CPU.Build.0 = Release|Any CPU
		{4230A9EE-571A-AF65-02F2-DCB38F495DC1}.Debug|Any CPU.ActiveCfg = Debug|Any CPU
		{4230A9EE-571A-AF65-02F2-DCB38F495DC1}.Debug|Any CPU.Build.0 = Debug|Any CPU
		{4230A9EE-571A-AF65-02F2-DCB38F495DC1}.Release|Any CPU.ActiveCfg = Release|Any CPU
		{4230A9EE-571A-AF65-02F2-DCB38F495DC1}.Release|Any CPU.Build.0 = Release|Any CPU
		{04F05BA2-D8E3-6C3C-165F-5797F0E01464}.Debug|Any CPU.ActiveCfg = Debug|Any CPU
		{04F05BA2-D8E3-6C3C-165F-5797F0E01464}.Debug|Any CPU.Build.0 = Debug|Any CPU
		{04F05BA2-D8E3-6C3C-165F-5797F0E01464}.Release|Any CPU.ActiveCfg = Release|Any CPU
		{04F05BA2-D8E3-6C3C-165F-5797F0E01464}.Release|Any CPU.Build.0 = Release|Any CPU
		{88EB4C28-3997-27F7-0425-3832F1BDA558}.Debug|Any CPU.ActiveCfg = Debug|Any CPU
		{88EB4C28-3997-27F7-0425-3832F1BDA558}.Debug|Any CPU.Build.0 = Debug|Any CPU
		{88EB4C28-3997-27F7-0425-3832F1BDA558}.Release|Any CPU.ActiveCfg = Release|Any CPU
		{88EB4C28-3997-27F7-0425-3832F1BDA558}.Release|Any CPU.Build.0 = Release|Any CPU
		{7AF43C29-A5F6-BC78-F673-040DEC58D606}.Debug|Any CPU.ActiveCfg = Debug|Any CPU
		{7AF43C29-A5F6-BC78-F673-040DEC58D606}.Debug|Any CPU.Build.0 = Debug|Any CPU
		{7AF43C29-A5F6-BC78-F673-040DEC58D606}.Release|Any CPU.ActiveCfg = Release|Any CPU
		{7AF43C29-A5F6-BC78-F673-040DEC58D606}.Release|Any CPU.Build.0 = Release|Any CPU
		{F6D81C86-177E-08B1-C7EB-5D289E1A1AE4}.Debug|Any CPU.ActiveCfg = Debug|Any CPU
		{F6D81C86-177E-08B1-C7EB-5D289E1A1AE4}.Debug|Any CPU.Build.0 = Debug|Any CPU
		{F6D81C86-177E-08B1-C7EB-5D289E1A1AE4}.Release|Any CPU.ActiveCfg = Release|Any CPU
		{F6D81C86-177E-08B1-C7EB-5D289E1A1AE4}.Release|Any CPU.Build.0 = Release|Any CPU
		{D956C46C-CB24-C17C-D667-87BD7FBDF830}.Debug|Any CPU.ActiveCfg = Debug|Any CPU
		{D956C46C-CB24-C17C-D667-87BD7FBDF830}.Debug|Any CPU.Build.0 = Debug|Any CPU
		{D956C46C-CB24-C17C-D667-87BD7FBDF830}.Release|Any CPU.ActiveCfg = Release|Any CPU
		{D956C46C-CB24-C17C-D667-87BD7FBDF830}.Release|Any CPU.Build.0 = Release|Any CPU
		{E2BCE3DC-5954-C1DF-6C4E-1F5B3F9F9A34}.Debug|Any CPU.ActiveCfg = Debug|Any CPU
		{E2BCE3DC-5954-C1DF-6C4E-1F5B3F9F9A34}.Debug|Any CPU.Build.0 = Debug|Any CPU
		{E2BCE3DC-5954-C1DF-6C4E-1F5B3F9F9A34}.Release|Any CPU.ActiveCfg = Release|Any CPU
		{E2BCE3DC-5954-C1DF-6C4E-1F5B3F9F9A34}.Release|Any CPU.Build.0 = Release|Any CPU
		{750BF28A-5E90-F0A5-D547-D32C6958A3E3}.Debug|Any CPU.ActiveCfg = Debug|Any CPU
		{750BF28A-5E90-F0A5-D547-D32C6958A3E3}.Debug|Any CPU.Build.0 = Debug|Any CPU
		{750BF28A-5E90-F0A5-D547-D32C6958A3E3}.Release|Any CPU.ActiveCfg = Release|Any CPU
		{750BF28A-5E90-F0A5-D547-D32C6958A3E3}.Release|Any CPU.Build.0 = Release|Any CPU
		{AB6F4488-ECB6-9F40-FA78-CC331FA087D6}.Debug|Any CPU.ActiveCfg = Debug|Any CPU
		{AB6F4488-ECB6-9F40-FA78-CC331FA087D6}.Debug|Any CPU.Build.0 = Debug|Any CPU
		{AB6F4488-ECB6-9F40-FA78-CC331FA087D6}.Release|Any CPU.ActiveCfg = Release|Any CPU
		{AB6F4488-ECB6-9F40-FA78-CC331FA087D6}.Release|Any CPU.Build.0 = Release|Any CPU
		{3832F91B-2461-EE86-7598-12925DFCB208}.Debug|Any CPU.ActiveCfg = Debug|Any CPU
		{3832F91B-2461-EE86-7598-12925DFCB208}.Debug|Any CPU.Build.0 = Debug|Any CPU
		{3832F91B-2461-EE86-7598-12925DFCB208}.Release|Any CPU.ActiveCfg = Release|Any CPU
		{3832F91B-2461-EE86-7598-12925DFCB208}.Release|Any CPU.Build.0 = Release|Any CPU
		{E2B1C943-8325-3F2A-DAAA-496338477019}.Debug|Any CPU.ActiveCfg = Debug|Any CPU
		{E2B1C943-8325-3F2A-DAAA-496338477019}.Debug|Any CPU.Build.0 = Debug|Any CPU
		{E2B1C943-8325-3F2A-DAAA-496338477019}.Release|Any CPU.ActiveCfg = Release|Any CPU
		{E2B1C943-8325-3F2A-DAAA-496338477019}.Release|Any CPU.Build.0 = Release|Any CPU
		{08815A10-9AC1-A9D0-5639-3817EE34A2D9}.Debug|Any CPU.ActiveCfg = Debug|Any CPU
		{08815A10-9AC1-A9D0-5639-3817EE34A2D9}.Debug|Any CPU.Build.0 = Debug|Any CPU
		{08815A10-9AC1-A9D0-5639-3817EE34A2D9}.Release|Any CPU.ActiveCfg = Release|Any CPU
		{08815A10-9AC1-A9D0-5639-3817EE34A2D9}.Release|Any CPU.Build.0 = Release|Any CPU
		{B20187EE-7A5E-854D-E5A4-041A8A6F1DB7}.Debug|Any CPU.ActiveCfg = Debug|Any CPU
		{B20187EE-7A5E-854D-E5A4-041A8A6F1DB7}.Debug|Any CPU.Build.0 = Debug|Any CPU
		{B20187EE-7A5E-854D-E5A4-041A8A6F1DB7}.Release|Any CPU.ActiveCfg = Release|Any CPU
		{B20187EE-7A5E-854D-E5A4-041A8A6F1DB7}.Release|Any CPU.Build.0 = Release|Any CPU
		{C0D7ED93-F9BF-9DA7-44DD-9BE5376CEFE2}.Debug|Any CPU.ActiveCfg = Debug|Any CPU
		{C0D7ED93-F9BF-9DA7-44DD-9BE5376CEFE2}.Debug|Any CPU.Build.0 = Debug|Any CPU
		{C0D7ED93-F9BF-9DA7-44DD-9BE5376CEFE2}.Release|Any CPU.ActiveCfg = Release|Any CPU
		{C0D7ED93-F9BF-9DA7-44DD-9BE5376CEFE2}.Release|Any CPU.Build.0 = Release|Any CPU
		{5D0608B5-4FC9-70A5-8A61-E8E7EAE57CC7}.Debug|Any CPU.ActiveCfg = Debug|Any CPU
		{5D0608B5-4FC9-70A5-8A61-E8E7EAE57CC7}.Debug|Any CPU.Build.0 = Debug|Any CPU
		{5D0608B5-4FC9-70A5-8A61-E8E7EAE57CC7}.Release|Any CPU.ActiveCfg = Release|Any CPU
		{5D0608B5-4FC9-70A5-8A61-E8E7EAE57CC7}.Release|Any CPU.Build.0 = Release|Any CPU
		{F736B3E2-346D-0CA9-B3FB-B8A4E54181E3}.Debug|Any CPU.ActiveCfg = Debug|Any CPU
		{F736B3E2-346D-0CA9-B3FB-B8A4E54181E3}.Debug|Any CPU.Build.0 = Debug|Any CPU
		{F736B3E2-346D-0CA9-B3FB-B8A4E54181E3}.Release|Any CPU.ActiveCfg = Release|Any CPU
		{F736B3E2-346D-0CA9-B3FB-B8A4E54181E3}.Release|Any CPU.Build.0 = Release|Any CPU
		{90C7946B-B86A-9080-D27E-11DE17C9E5F6}.Debug|Any CPU.ActiveCfg = Debug|Any CPU
		{90C7946B-B86A-9080-D27E-11DE17C9E5F6}.Debug|Any CPU.Build.0 = Debug|Any CPU
		{90C7946B-B86A-9080-D27E-11DE17C9E5F6}.Release|Any CPU.ActiveCfg = Release|Any CPU
		{90C7946B-B86A-9080-D27E-11DE17C9E5F6}.Release|Any CPU.Build.0 = Release|Any CPU
		{E8535FEA-2248-33E9-1FDC-88FC220A4330}.Debug|Any CPU.ActiveCfg = Debug|Any CPU
		{E8535FEA-2248-33E9-1FDC-88FC220A4330}.Debug|Any CPU.Build.0 = Debug|Any CPU
		{E8535FEA-2248-33E9-1FDC-88FC220A4330}.Release|Any CPU.ActiveCfg = Release|Any CPU
		{E8535FEA-2248-33E9-1FDC-88FC220A4330}.Release|Any CPU.Build.0 = Release|Any CPU
		{EF03FA7F-B587-6B6E-8761-C9FC5CE20CDF}.Debug|Any CPU.ActiveCfg = Debug|Any CPU
		{EF03FA7F-B587-6B6E-8761-C9FC5CE20CDF}.Debug|Any CPU.Build.0 = Debug|Any CPU
		{EF03FA7F-B587-6B6E-8761-C9FC5CE20CDF}.Release|Any CPU.ActiveCfg = Release|Any CPU
		{EF03FA7F-B587-6B6E-8761-C9FC5CE20CDF}.Release|Any CPU.Build.0 = Release|Any CPU
		{B7E22A61-3572-D96E-DFA7-EE75AEBB4E40}.Debug|Any CPU.ActiveCfg = Debug|Any CPU
		{B7E22A61-3572-D96E-DFA7-EE75AEBB4E40}.Debug|Any CPU.Build.0 = Debug|Any CPU
		{B7E22A61-3572-D96E-DFA7-EE75AEBB4E40}.Release|Any CPU.ActiveCfg = Release|Any CPU
		{B7E22A61-3572-D96E-DFA7-EE75AEBB4E40}.Release|Any CPU.Build.0 = Release|Any CPU
		{3118A953-FF90-E02F-1C23-967C5DCC176B}.Debug|Any CPU.ActiveCfg = Debug|Any CPU
		{3118A953-FF90-E02F-1C23-967C5DCC176B}.Debug|Any CPU.Build.0 = Debug|Any CPU
		{3118A953-FF90-E02F-1C23-967C5DCC176B}.Release|Any CPU.ActiveCfg = Release|Any CPU
		{3118A953-FF90-E02F-1C23-967C5DCC176B}.Release|Any CPU.Build.0 = Release|Any CPU
		{3A585309-D781-8A7E-CF66-185765F28423}.Debug|Any CPU.ActiveCfg = Debug|Any CPU
		{3A585309-D781-8A7E-CF66-185765F28423}.Debug|Any CPU.Build.0 = Debug|Any CPU
		{3A585309-D781-8A7E-CF66-185765F28423}.Release|Any CPU.ActiveCfg = Release|Any CPU
		{3A585309-D781-8A7E-CF66-185765F28423}.Release|Any CPU.Build.0 = Release|Any CPU
		{F58F1152-B7C4-A2B5-5EAC-A18B5C1805E9}.Debug|Any CPU.ActiveCfg = Debug|Any CPU
		{F58F1152-B7C4-A2B5-5EAC-A18B5C1805E9}.Debug|Any CPU.Build.0 = Debug|Any CPU
		{F58F1152-B7C4-A2B5-5EAC-A18B5C1805E9}.Release|Any CPU.ActiveCfg = Release|Any CPU
		{F58F1152-B7C4-A2B5-5EAC-A18B5C1805E9}.Release|Any CPU.Build.0 = Release|Any CPU
		{01DFDC65-DE6E-73BE-981A-128ECE30DB51}.Debug|Any CPU.ActiveCfg = Debug|Any CPU
		{01DFDC65-DE6E-73BE-981A-128ECE30DB51}.Debug|Any CPU.Build.0 = Debug|Any CPU
		{01DFDC65-DE6E-73BE-981A-128ECE30DB51}.Release|Any CPU.ActiveCfg = Release|Any CPU
		{01DFDC65-DE6E-73BE-981A-128ECE30DB51}.Release|Any CPU.Build.0 = Release|Any CPU
		{AE27A0AB-331F-9988-33D0-9D7B05095922}.Debug|Any CPU.ActiveCfg = Debug|Any CPU
		{AE27A0AB-331F-9988-33D0-9D7B05095922}.Debug|Any CPU.Build.0 = Debug|Any CPU
		{AE27A0AB-331F-9988-33D0-9D7B05095922}.Release|Any CPU.ActiveCfg = Release|Any CPU
		{AE27A0AB-331F-9988-33D0-9D7B05095922}.Release|Any CPU.Build.0 = Release|Any CPU
		{11921A5E-2BAC-3E00-104D-029C766271F6}.Debug|Any CPU.ActiveCfg = Debug|Any CPU
		{11921A5E-2BAC-3E00-104D-029C766271F6}.Debug|Any CPU.Build.0 = Debug|Any CPU
		{11921A5E-2BAC-3E00-104D-029C766271F6}.Release|Any CPU.ActiveCfg = Release|Any CPU
		{11921A5E-2BAC-3E00-104D-029C766271F6}.Release|Any CPU.Build.0 = Release|Any CPU
		{0CDC5542-9C9E-A624-0BDC-31D1F155C324}.Debug|Any CPU.ActiveCfg = Debug|Any CPU
		{0CDC5542-9C9E-A624-0BDC-31D1F155C324}.Debug|Any CPU.Build.0 = Debug|Any CPU
		{0CDC5542-9C9E-A624-0BDC-31D1F155C324}.Release|Any CPU.ActiveCfg = Release|Any CPU
		{0CDC5542-9C9E-A624-0BDC-31D1F155C324}.Release|Any CPU.Build.0 = Release|Any CPU
		{B00471F1-E56E-AA15-51B5-FB7A6400E988}.Debug|Any CPU.ActiveCfg = Debug|Any CPU
		{B00471F1-E56E-AA15-51B5-FB7A6400E988}.Debug|Any CPU.Build.0 = Debug|Any CPU
		{B00471F1-E56E-AA15-51B5-FB7A6400E988}.Release|Any CPU.ActiveCfg = Release|Any CPU
		{B00471F1-E56E-AA15-51B5-FB7A6400E988}.Release|Any CPU.Build.0 = Release|Any CPU
		{7B52566C-FB4C-4EEA-01B4-171D90410350}.Debug|Any CPU.ActiveCfg = Debug|Any CPU
		{7B52566C-FB4C-4EEA-01B4-171D90410350}.Debug|Any CPU.Build.0 = Debug|Any CPU
		{7B52566C-FB4C-4EEA-01B4-171D90410350}.Release|Any CPU.ActiveCfg = Release|Any CPU
		{7B52566C-FB4C-4EEA-01B4-171D90410350}.Release|Any CPU.Build.0 = Release|Any CPU
	EndGlobalSection
	GlobalSection(SolutionProperties) = preSolution
		HideSolutionNode = FALSE
	EndGlobalSection
EndGlobal
