
Microsoft Visual Studio Solution File, Format Version 12.00
# Visual Studio 15
Project("{FAE04EC0-301F-11D3-BF4B-00C04F79EFBC}") = "Oculus.Platform", "Oculus.Platform.csproj", "{DD2AD987-7A17-5899-4205-D607A0EE88A9}"
EndProject
Project("{FAE04EC0-301F-11D3-BF4B-00C04F79EFBC}") = "Assembly-CSharp", "Assembly-CSharp.csproj", "{DB99887E-D75B-ADFE-9495-35535E5ED846}"
EndProject
Project("{FAE04EC0-301F-11D3-BF4B-00C04F79EFBC}") = "Oculus.Interaction", "Oculus.Interaction.csproj", "{CD3E3B8F-899C-77B9-8B52-CF9CFEA0D751}"
EndProject
Project("{FAE04EC0-301F-11D3-BF4B-00C04F79EFBC}") = "Oculus.VR", "Oculus.VR.csproj", "{0894C856-44A1-E8B1-0E17-E80BC4E66B63}"
EndProject
Project("{FAE04EC0-301F-11D3-BF4B-00C04F79EFBC}") = "VoiceSDK.Dictation.Runtime", "VoiceSDK.Dictation.Runtime.csproj", "{1ADA77E1-F5EE-47C7-4641-B4FC4622A1FA}"
EndProject
Project("{FAE04EC0-301F-11D3-BF4B-00C04F79EFBC}") = "VoiceSDK.Runtime", "VoiceSDK.Runtime.csproj", "{ABE46D2E-7B6F-56A7-A8C3-08C4FB97A704}"
EndProject
Project("{FAE04EC0-301F-11D3-BF4B-00C04F79EFBC}") = "Meta.WitAi", "Meta.WitAi.csproj", "{961EBCBA-B774-AF6B-30DB-8CD76AFE7C21}"
EndProject
Project("{FAE04EC0-301F-11D3-BF4B-00C04F79EFBC}") = "Meta.WitAi.Lib", "Meta.WitAi.Lib.csproj", "{774055F3-6737-4C56-8FC2-E205660EE546}"
EndProject
Project("{FAE04EC0-301F-11D3-BF4B-00C04F79EFBC}") = "Oculus.Interaction.OVR.Samples", "Oculus.Interaction.OVR.Samples.csproj", "{BA9CDFAA-7EA0-1137-3D9B-3D154DA099E2}"
EndProject
Project("{FAE04EC0-301F-11D3-BF4B-00C04F79EFBC}") = "Meta.WitAi.TTS.Samples", "Meta.WitAi.TTS.Samples.csproj", "{951EA79C-0FE7-D667-6D35-14960D504A25}"
EndProject
Project("{FAE04EC0-301F-11D3-BF4B-00C04F79EFBC}") = "Oculus.Voice.Demo", "Oculus.Voice.Demo.csproj", "{77D5B7C3-DCF4-2CB3-85A1-864BDB04E63D}"
EndProject
Project("{FAE04EC0-301F-11D3-BF4B-00C04F79EFBC}") = "Oculus.Interaction.OVR", "Oculus.Interaction.OVR.csproj", "{31A92313-1B4C-8D41-993C-77C9FB4E132C}"
EndProject
Project("{FAE04EC0-301F-11D3-BF4B-00C04F79EFBC}") = "AssistantCoreSDKRuntime", "AssistantCoreSDKRuntime.csproj", "{3D25F152-36D5-47B2-0E19-76C25E979B9A}"
EndProject
Project("{FAE04EC0-301F-11D3-BF4B-00C04F79EFBC}") = "Meta.WitAi.Conduit", "Meta.WitAi.Conduit.csproj", "{C0BA8536-2406-76FD-EF0F-85166E2CDCFB}"
EndProject
Project("{FAE04EC0-301F-11D3-BF4B-00C04F79EFBC}") = "Oculus.AudioManager", "Oculus.AudioManager.csproj", "{A50F4C2D-3712-4CEE-F9EE-3E562D3C6022}"
EndProject
Project("{FAE04EC0-301F-11D3-BF4B-00C04F79EFBC}") = "Oculus.LipSync", "Oculus.LipSync.csproj", "{BA2B2A65-A015-2DBB-40B3-A5A4A7F6CDE6}"
EndProject
Project("{FAE04EC0-301F-11D3-BF4B-00C04F79EFBC}") = "Oculus.Spatializer", "Oculus.Spatializer.csproj", "{6B803905-E8B7-587B-D27E-E04DB381233D}"
EndProject
Project("{FAE04EC0-301F-11D3-BF4B-00C04F79EFBC}") = "Meta.VoiceSDK.Mic.Other", "Meta.VoiceSDK.Mic.Other.csproj", "{0098B855-437C-7E7C-7EE7-4C337E46B853}"
EndProject
Project("{FAE04EC0-301F-11D3-BF4B-00C04F79EFBC}") = "Meta.VoiceSDK.Mic.Common", "Meta.VoiceSDK.Mic.Common.csproj", "{9774DE4B-51AA-BAEA-2A5A-E1E082D14409}"
EndProject
Project("{FAE04EC0-301F-11D3-BF4B-00C04F79EFBC}") = "Facebook.Wit.Dictation", "Facebook.Wit.Dictation.csproj", "{D6A6932F-7921-FE62-982E-E8613883691D}"
EndProject
Project("{FAE04EC0-301F-11D3-BF4B-00C04F79EFBC}") = "Meta.WitAi.TTS", "Meta.WitAi.TTS.csproj", "{639CAF3C-FF28-6544-79DC-81EC5B99A1C6}"
EndProject
Project("{FAE04EC0-301F-11D3-BF4B-00C04F79EFBC}") = "Meta.WitAi.Editor", "Meta.WitAi.Editor.csproj", "{C9C4E0D1-740E-C9BF-3104-C577A6FAFBB1}"
EndProject
Project("{FAE04EC0-301F-11D3-BF4B-00C04F79EFBC}") = "Meta.WitAI.Lib.Editor", "Meta.WitAI.Lib.Editor.csproj", "{AED14496-170D-4B5F-5CEF-E4C8CCB02773}"
EndProject
Project("{FAE04EC0-301F-11D3-BF4B-00C04F79EFBC}") = "Oculus.VR.Editor", "Oculus.VR.Editor.csproj", "{7A5E57DE-83A0-0AB4-825D-273C09826BE0}"
EndProject
Project("{FAE04EC0-301F-11D3-BF4B-00C04F79EFBC}") = "Meta.WitAi.Conduit.Editor", "Meta.WitAi.Conduit.Editor.csproj", "{3031FCFB-8EA4-4F6D-2BCB-8DF3489FCA96}"
EndProject
Project("{FAE04EC0-301F-11D3-BF4B-00C04F79EFBC}") = "Oculus.Interaction.Editor", "Oculus.Interaction.Editor.csproj", "{C786FB51-6542-D629-F0E2-EE9A7A1C56CA}"
EndProject
Project("{FAE04EC0-301F-11D3-BF4B-00C04F79EFBC}") = "Oculus.Interaction.OVR.Editor", "Oculus.Interaction.OVR.Editor.csproj", "{1F11A146-EDD1-4D92-ACAC-64591D35BDEA}"
EndProject
Project("{FAE04EC0-301F-11D3-BF4B-00C04F79EFBC}") = "Assembly-CSharp-Editor", "Assembly-CSharp-Editor.csproj", "{6B601655-E367-9E84-94FA-0853D0228237}"
EndProject
Project("{FAE04EC0-301F-11D3-BF4B-00C04F79EFBC}") = "Oculus.VR.Scripts.Editor", "Oculus.VR.Scripts.Editor.csproj", "{95B692AA-2D92-AAE1-14FC-BE4DE9D9C9AB}"
EndProject
Project("{FAE04EC0-301F-11D3-BF4B-00C04F79EFBC}") = "Oculus.Spatializer.Editor", "Oculus.Spatializer.Editor.csproj", "{97278294-23AC-75E7-242F-6B80741D4F63}"
EndProject
Project("{FAE04EC0-301F-11D3-BF4B-00C04F79EFBC}") = "Meta.WitAi.TTS.Editor", "Meta.WitAi.TTS.Editor.csproj", "{C3C04A1B-A3D6-260F-AAF0-49FE0D04F0F0}"
EndProject
Project("{FAE04EC0-301F-11D3-BF4B-00C04F79EFBC}") = "VoiceSDK.Dictation.Editor", "VoiceSDK.Dictation.Editor.csproj", "{AC5F96A1-9727-452B-C42B-837794F68A9B}"
EndProject
Project("{FAE04EC0-301F-11D3-BF4B-00C04F79EFBC}") = "Oculus.Platform.Editor", "Oculus.Platform.Editor.csproj", "{912D3330-AA8B-13A7-6A84-DA26A7BF5DC6}"
EndProject
Project("{FAE04EC0-301F-11D3-BF4B-00C04F79EFBC}") = "VoiceSDK.Editor", "VoiceSDK.Editor.csproj", "{5A967FF1-D9F6-678C-5C59-6DF140D4457A}"
EndProject
Project("{FAE04EC0-301F-11D3-BF4B-00C04F79EFBC}") = "Oculus.AudioManager.Audio.Editor", "Oculus.AudioManager.Audio.Editor.csproj", "{DBE0ED9B-18BA-FB9A-9179-59525D5CC523}"
EndProject
Project("{FAE04EC0-301F-11D3-BF4B-00C04F79EFBC}") = "Oculus.LipSync.Editor", "Oculus.LipSync.Editor.csproj", "{097FB7CD-9C05-69ED-B18A-E3287C422A07}"
EndProject
Project("{FAE04EC0-301F-11D3-BF4B-00C04F79EFBC}") = "Oculus.AudioManager.Utils.Editor", "Oculus.AudioManager.Utils.Editor.csproj", "{48BB21BE-4CE3-8BA2-C1B0-7617C68741E7}"
EndProject
Project("{FAE04EC0-301F-11D3-BF4B-00C04F79EFBC}") = "Oculus.Interaction.Samples.Editor", "Oculus.Interaction.Samples.Editor.csproj", "{676130A5-05E1-1C77-CB34-F0737EB910B2}"
EndProject
Project("{FAE04EC0-301F-11D3-BF4B-00C04F79EFBC}") = "Facebook.Wit.Dictation.Editor", "Facebook.Wit.Dictation.Editor.csproj", "{7879583F-EB4D-543F-81D2-EA20A7871F08}"
EndProject
Project("{FAE04EC0-301F-11D3-BF4B-00C04F79EFBC}") = "Oculus.Interaction.InterfaceSupport", "Oculus.Interaction.InterfaceSupport.csproj", "{61B24C91-7F1B-D8B0-68C2-4D56B73CB8BE}"
EndProject
Project("{FAE04EC0-301F-11D3-BF4B-00C04F79EFBC}") = "AssistantCoreSDKEditor", "AssistantCoreSDKEditor.csproj", "{3CC404CD-4445-D8B5-FED0-95C973FA7892}"
EndProject
Global
	GlobalSection(SolutionConfigurationPlatforms) = preSolution
		Debug|Any CPU = Debug|Any CPU
		Release|Any CPU = Release|Any CPU
	EndGlobalSection
	GlobalSection(ProjectConfigurationPlatforms) = postSolution
		{DD2AD987-7A17-5899-4205-D607A0EE88A9}.Debug|Any CPU.ActiveCfg = Debug|Any CPU
		{DD2AD987-7A17-5899-4205-D607A0EE88A9}.Debug|Any CPU.Build.0 = Debug|Any CPU
		{DD2AD987-7A17-5899-4205-D607A0EE88A9}.Release|Any CPU.ActiveCfg = Release|Any CPU
		{DD2AD987-7A17-5899-4205-D607A0EE88A9}.Release|Any CPU.Build.0 = Release|Any CPU
		{DB99887E-D75B-ADFE-9495-35535E5ED846}.Debug|Any CPU.ActiveCfg = Debug|Any CPU
		{DB99887E-D75B-ADFE-9495-35535E5ED846}.Debug|Any CPU.Build.0 = Debug|Any CPU
		{DB99887E-D75B-ADFE-9495-35535E5ED846}.Release|Any CPU.ActiveCfg = Release|Any CPU
		{DB99887E-D75B-ADFE-9495-35535E5ED846}.Release|Any CPU.Build.0 = Release|Any CPU
		{CD3E3B8F-899C-77B9-8B52-CF9CFEA0D751}.Debug|Any CPU.ActiveCfg = Debug|Any CPU
		{CD3E3B8F-899C-77B9-8B52-CF9CFEA0D751}.Debug|Any CPU.Build.0 = Debug|Any CPU
		{CD3E3B8F-899C-77B9-8B52-CF9CFEA0D751}.Release|Any CPU.ActiveCfg = Release|Any CPU
		{CD3E3B8F-899C-77B9-8B52-CF9CFEA0D751}.Release|Any CPU.Build.0 = Release|Any CPU
		{0894C856-44A1-E8B1-0E17-E80BC4E66B63}.Debug|Any CPU.ActiveCfg = Debug|Any CPU
		{0894C856-44A1-E8B1-0E17-E80BC4E66B63}.Debug|Any CPU.Build.0 = Debug|Any CPU
		{0894C856-44A1-E8B1-0E17-E80BC4E66B63}.Release|Any CPU.ActiveCfg = Release|Any CPU
		{0894C856-44A1-E8B1-0E17-E80BC4E66B63}.Release|Any CPU.Build.0 = Release|Any CPU
		{1ADA77E1-F5EE-47C7-4641-B4FC4622A1FA}.Debug|Any CPU.ActiveCfg = Debug|Any CPU
		{1ADA77E1-F5EE-47C7-4641-B4FC4622A1FA}.Debug|Any CPU.Build.0 = Debug|Any CPU
		{1ADA77E1-F5EE-47C7-4641-B4FC4622A1FA}.Release|Any CPU.ActiveCfg = Release|Any CPU
		{1ADA77E1-F5EE-47C7-4641-B4FC4622A1FA}.Release|Any CPU.Build.0 = Release|Any CPU
		{ABE46D2E-7B6F-56A7-A8C3-08C4FB97A704}.Debug|Any CPU.ActiveCfg = Debug|Any CPU
		{ABE46D2E-7B6F-56A7-A8C3-08C4FB97A704}.Debug|Any CPU.Build.0 = Debug|Any CPU
		{ABE46D2E-7B6F-56A7-A8C3-08C4FB97A704}.Release|Any CPU.ActiveCfg = Release|Any CPU
		{ABE46D2E-7B6F-56A7-A8C3-08C4FB97A704}.Release|Any CPU.Build.0 = Release|Any CPU
		{961EBCBA-B774-AF6B-30DB-8CD76AFE7C21}.Debug|Any CPU.ActiveCfg = Debug|Any CPU
		{961EBCBA-B774-AF6B-30DB-8CD76AFE7C21}.Debug|Any CPU.Build.0 = Debug|Any CPU
		{961EBCBA-B774-AF6B-30DB-8CD76AFE7C21}.Release|Any CPU.ActiveCfg = Release|Any CPU
		{961EBCBA-B774-AF6B-30DB-8CD76AFE7C21}.Release|Any CPU.Build.0 = Release|Any CPU
		{774055F3-6737-4C56-8FC2-E205660EE546}.Debug|Any CPU.ActiveCfg = Debug|Any CPU
		{774055F3-6737-4C56-8FC2-E205660EE546}.Debug|Any CPU.Build.0 = Debug|Any CPU
		{774055F3-6737-4C56-8FC2-E205660EE546}.Release|Any CPU.ActiveCfg = Release|Any CPU
		{774055F3-6737-4C56-8FC2-E205660EE546}.Release|Any CPU.Build.0 = Release|Any CPU
		{BA9CDFAA-7EA0-1137-3D9B-3D154DA099E2}.Debug|Any CPU.ActiveCfg = Debug|Any CPU
		{BA9CDFAA-7EA0-1137-3D9B-3D154DA099E2}.Debug|Any CPU.Build.0 = Debug|Any CPU
		{BA9CDFAA-7EA0-1137-3D9B-3D154DA099E2}.Release|Any CPU.ActiveCfg = Release|Any CPU
		{BA9CDFAA-7EA0-1137-3D9B-3D154DA099E2}.Release|Any CPU.Build.0 = Release|Any CPU
		{951EA79C-0FE7-D667-6D35-14960D504A25}.Debug|Any CPU.ActiveCfg = Debug|Any CPU
		{951EA79C-0FE7-D667-6D35-14960D504A25}.Debug|Any CPU.Build.0 = Debug|Any CPU
		{951EA79C-0FE7-D667-6D35-14960D504A25}.Release|Any CPU.ActiveCfg = Release|Any CPU
		{951EA79C-0FE7-D667-6D35-14960D504A25}.Release|Any CPU.Build.0 = Release|Any CPU
		{77D5B7C3-DCF4-2CB3-85A1-864BDB04E63D}.Debug|Any CPU.ActiveCfg = Debug|Any CPU
		{77D5B7C3-DCF4-2CB3-85A1-864BDB04E63D}.Debug|Any CPU.Build.0 = Debug|Any CPU
		{77D5B7C3-DCF4-2CB3-85A1-864BDB04E63D}.Release|Any CPU.ActiveCfg = Release|Any CPU
		{77D5B7C3-DCF4-2CB3-85A1-864BDB04E63D}.Release|Any CPU.Build.0 = Release|Any CPU
		{31A92313-1B4C-8D41-993C-77C9FB4E132C}.Debug|Any CPU.ActiveCfg = Debug|Any CPU
		{31A92313-1B4C-8D41-993C-77C9FB4E132C}.Debug|Any CPU.Build.0 = Debug|Any CPU
		{31A92313-1B4C-8D41-993C-77C9FB4E132C}.Release|Any CPU.ActiveCfg = Release|Any CPU
		{31A92313-1B4C-8D41-993C-77C9FB4E132C}.Release|Any CPU.Build.0 = Release|Any CPU
		{3D25F152-36D5-47B2-0E19-76C25E979B9A}.Debug|Any CPU.ActiveCfg = Debug|Any CPU
		{3D25F152-36D5-47B2-0E19-76C25E979B9A}.Debug|Any CPU.Build.0 = Debug|Any CPU
		{3D25F152-36D5-47B2-0E19-76C25E979B9A}.Release|Any CPU.ActiveCfg = Release|Any CPU
		{3D25F152-36D5-47B2-0E19-76C25E979B9A}.Release|Any CPU.Build.0 = Release|Any CPU
		{C0BA8536-2406-76FD-EF0F-85166E2CDCFB}.Debug|Any CPU.ActiveCfg = Debug|Any CPU
		{C0BA8536-2406-76FD-EF0F-85166E2CDCFB}.Debug|Any CPU.Build.0 = Debug|Any CPU
		{C0BA8536-2406-76FD-EF0F-85166E2CDCFB}.Release|Any CPU.ActiveCfg = Release|Any CPU
		{C0BA8536-2406-76FD-EF0F-85166E2CDCFB}.Release|Any CPU.Build.0 = Release|Any CPU
		{A50F4C2D-3712-4CEE-F9EE-3E562D3C6022}.Debug|Any CPU.ActiveCfg = Debug|Any CPU
		{A50F4C2D-3712-4CEE-F9EE-3E562D3C6022}.Debug|Any CPU.Build.0 = Debug|Any CPU
		{A50F4C2D-3712-4CEE-F9EE-3E562D3C6022}.Release|Any CPU.ActiveCfg = Release|Any CPU
		{A50F4C2D-3712-4CEE-F9EE-3E562D3C6022}.Release|Any CPU.Build.0 = Release|Any CPU
		{BA2B2A65-A015-2DBB-40B3-A5A4A7F6CDE6}.Debug|Any CPU.ActiveCfg = Debug|Any CPU
		{BA2B2A65-A015-2DBB-40B3-A5A4A7F6CDE6}.Debug|Any CPU.Build.0 = Debug|Any CPU
		{BA2B2A65-A015-2DBB-40B3-A5A4A7F6CDE6}.Release|Any CPU.ActiveCfg = Release|Any CPU
		{BA2B2A65-A015-2DBB-40B3-A5A4A7F6CDE6}.Release|Any CPU.Build.0 = Release|Any CPU
		{6B803905-E8B7-587B-D27E-E04DB381233D}.Debug|Any CPU.ActiveCfg = Debug|Any CPU
		{6B803905-E8B7-587B-D27E-E04DB381233D}.Debug|Any CPU.Build.0 = Debug|Any CPU
		{6B803905-E8B7-587B-D27E-E04DB381233D}.Release|Any CPU.ActiveCfg = Release|Any CPU
		{6B803905-E8B7-587B-D27E-E04DB381233D}.Release|Any CPU.Build.0 = Release|Any CPU
		{0098B855-437C-7E7C-7EE7-4C337E46B853}.Debug|Any CPU.ActiveCfg = Debug|Any CPU
		{0098B855-437C-7E7C-7EE7-4C337E46B853}.Debug|Any CPU.Build.0 = Debug|Any CPU
		{0098B855-437C-7E7C-7EE7-4C337E46B853}.Release|Any CPU.ActiveCfg = Release|Any CPU
		{0098B855-437C-7E7C-7EE7-4C337E46B853}.Release|Any CPU.Build.0 = Release|Any CPU
		{9774DE4B-51AA-BAEA-2A5A-E1E082D14409}.Debug|Any CPU.ActiveCfg = Debug|Any CPU
		{9774DE4B-51AA-BAEA-2A5A-E1E082D14409}.Debug|Any CPU.Build.0 = Debug|Any CPU
		{9774DE4B-51AA-BAEA-2A5A-E1E082D14409}.Release|Any CPU.ActiveCfg = Release|Any CPU
		{9774DE4B-51AA-BAEA-2A5A-E1E082D14409}.Release|Any CPU.Build.0 = Release|Any CPU
		{D6A6932F-7921-FE62-982E-E8613883691D}.Debug|Any CPU.ActiveCfg = Debug|Any CPU
		{D6A6932F-7921-FE62-982E-E8613883691D}.Debug|Any CPU.Build.0 = Debug|Any CPU
		{D6A6932F-7921-FE62-982E-E8613883691D}.Release|Any CPU.ActiveCfg = Release|Any CPU
		{D6A6932F-7921-FE62-982E-E8613883691D}.Release|Any CPU.Build.0 = Release|Any CPU
		{639CAF3C-FF28-6544-79DC-81EC5B99A1C6}.Debug|Any CPU.ActiveCfg = Debug|Any CPU
		{639CAF3C-FF28-6544-79DC-81EC5B99A1C6}.Debug|Any CPU.Build.0 = Debug|Any CPU
		{639CAF3C-FF28-6544-79DC-81EC5B99A1C6}.Release|Any CPU.ActiveCfg = Release|Any CPU
		{639CAF3C-FF28-6544-79DC-81EC5B99A1C6}.Release|Any CPU.Build.0 = Release|Any CPU
		{C9C4E0D1-740E-C9BF-3104-C577A6FAFBB1}.Debug|Any CPU.ActiveCfg = Debug|Any CPU
		{C9C4E0D1-740E-C9BF-3104-C577A6FAFBB1}.Debug|Any CPU.Build.0 = Debug|Any CPU
		{C9C4E0D1-740E-C9BF-3104-C577A6FAFBB1}.Release|Any CPU.ActiveCfg = Release|Any CPU
		{C9C4E0D1-740E-C9BF-3104-C577A6FAFBB1}.Release|Any CPU.Build.0 = Release|Any CPU
		{AED14496-170D-4B5F-5CEF-E4C8CCB02773}.Debug|Any CPU.ActiveCfg = Debug|Any CPU
		{AED14496-170D-4B5F-5CEF-E4C8CCB02773}.Debug|Any CPU.Build.0 = Debug|Any CPU
		{AED14496-170D-4B5F-5CEF-E4C8CCB02773}.Release|Any CPU.ActiveCfg = Release|Any CPU
		{AED14496-170D-4B5F-5CEF-E4C8CCB02773}.Release|Any CPU.Build.0 = Release|Any CPU
		{7A5E57DE-83A0-0AB4-825D-273C09826BE0}.Debug|Any CPU.ActiveCfg = Debug|Any CPU
		{7A5E57DE-83A0-0AB4-825D-273C09826BE0}.Debug|Any CPU.Build.0 = Debug|Any CPU
		{7A5E57DE-83A0-0AB4-825D-273C09826BE0}.Release|Any CPU.ActiveCfg = Release|Any CPU
		{7A5E57DE-83A0-0AB4-825D-273C09826BE0}.Release|Any CPU.Build.0 = Release|Any CPU
		{3031FCFB-8EA4-4F6D-2BCB-8DF3489FCA96}.Debug|Any CPU.ActiveCfg = Debug|Any CPU
		{3031FCFB-8EA4-4F6D-2BCB-8DF3489FCA96}.Debug|Any CPU.Build.0 = Debug|Any CPU
		{3031FCFB-8EA4-4F6D-2BCB-8DF3489FCA96}.Release|Any CPU.ActiveCfg = Release|Any CPU
		{3031FCFB-8EA4-4F6D-2BCB-8DF3489FCA96}.Release|Any CPU.Build.0 = Release|Any CPU
		{C786FB51-6542-D629-F0E2-EE9A7A1C56CA}.Debug|Any CPU.ActiveCfg = Debug|Any CPU
		{C786FB51-6542-D629-F0E2-EE9A7A1C56CA}.Debug|Any CPU.Build.0 = Debug|Any CPU
		{C786FB51-6542-D629-F0E2-EE9A7A1C56CA}.Release|Any CPU.ActiveCfg = Release|Any CPU
		{C786FB51-6542-D629-F0E2-EE9A7A1C56CA}.Release|Any CPU.Build.0 = Release|Any CPU
		{1F11A146-EDD1-4D92-ACAC-64591D35BDEA}.Debug|Any CPU.ActiveCfg = Debug|Any CPU
		{1F11A146-EDD1-4D92-ACAC-64591D35BDEA}.Debug|Any CPU.Build.0 = Debug|Any CPU
		{1F11A146-EDD1-4D92-ACAC-64591D35BDEA}.Release|Any CPU.ActiveCfg = Release|Any CPU
		{1F11A146-EDD1-4D92-ACAC-64591D35BDEA}.Release|Any CPU.Build.0 = Release|Any CPU
		{6B601655-E367-9E84-94FA-0853D0228237}.Debug|Any CPU.ActiveCfg = Debug|Any CPU
		{6B601655-E367-9E84-94FA-0853D0228237}.Debug|Any CPU.Build.0 = Debug|Any CPU
		{6B601655-E367-9E84-94FA-0853D0228237}.Release|Any CPU.ActiveCfg = Release|Any CPU
		{6B601655-E367-9E84-94FA-0853D0228237}.Release|Any CPU.Build.0 = Release|Any CPU
		{95B692AA-2D92-AAE1-14FC-BE4DE9D9C9AB}.Debug|Any CPU.ActiveCfg = Debug|Any CPU
		{95B692AA-2D92-AAE1-14FC-BE4DE9D9C9AB}.Debug|Any CPU.Build.0 = Debug|Any CPU
		{95B692AA-2D92-AAE1-14FC-BE4DE9D9C9AB}.Release|Any CPU.ActiveCfg = Release|Any CPU
		{95B692AA-2D92-AAE1-14FC-BE4DE9D9C9AB}.Release|Any CPU.Build.0 = Release|Any CPU
		{97278294-23AC-75E7-242F-6B80741D4F63}.Debug|Any CPU.ActiveCfg = Debug|Any CPU
		{97278294-23AC-75E7-242F-6B80741D4F63}.Debug|Any CPU.Build.0 = Debug|Any CPU
		{97278294-23AC-75E7-242F-6B80741D4F63}.Release|Any CPU.ActiveCfg = Release|Any CPU
		{97278294-23AC-75E7-242F-6B80741D4F63}.Release|Any CPU.Build.0 = Release|Any CPU
		{C3C04A1B-A3D6-260F-AAF0-49FE0D04F0F0}.Debug|Any CPU.ActiveCfg = Debug|Any CPU
		{C3C04A1B-A3D6-260F-AAF0-49FE0D04F0F0}.Debug|Any CPU.Build.0 = Debug|Any CPU
		{C3C04A1B-A3D6-260F-AAF0-49FE0D04F0F0}.Release|Any CPU.ActiveCfg = Release|Any CPU
		{C3C04A1B-A3D6-260F-AAF0-49FE0D04F0F0}.Release|Any CPU.Build.0 = Release|Any CPU
		{AC5F96A1-9727-452B-C42B-837794F68A9B}.Debug|Any CPU.ActiveCfg = Debug|Any CPU
		{AC5F96A1-9727-452B-C42B-837794F68A9B}.Debug|Any CPU.Build.0 = Debug|Any CPU
		{AC5F96A1-9727-452B-C42B-837794F68A9B}.Release|Any CPU.ActiveCfg = Release|Any CPU
		{AC5F96A1-9727-452B-C42B-837794F68A9B}.Release|Any CPU.Build.0 = Release|Any CPU
		{912D3330-AA8B-13A7-6A84-DA26A7BF5DC6}.Debug|Any CPU.ActiveCfg = Debug|Any CPU
		{912D3330-AA8B-13A7-6A84-DA26A7BF5DC6}.Debug|Any CPU.Build.0 = Debug|Any CPU
		{912D3330-AA8B-13A7-6A84-DA26A7BF5DC6}.Release|Any CPU.ActiveCfg = Release|Any CPU
		{912D3330-AA8B-13A7-6A84-DA26A7BF5DC6}.Release|Any CPU.Build.0 = Release|Any CPU
		{5A967FF1-D9F6-678C-5C59-6DF140D4457A}.Debug|Any CPU.ActiveCfg = Debug|Any CPU
		{5A967FF1-D9F6-678C-5C59-6DF140D4457A}.Debug|Any CPU.Build.0 = Debug|Any CPU
		{5A967FF1-D9F6-678C-5C59-6DF140D4457A}.Release|Any CPU.ActiveCfg = Release|Any CPU
		{5A967FF1-D9F6-678C-5C59-6DF140D4457A}.Release|Any CPU.Build.0 = Release|Any CPU
		{DBE0ED9B-18BA-FB9A-9179-59525D5CC523}.Debug|Any CPU.ActiveCfg = Debug|Any CPU
		{DBE0ED9B-18BA-FB9A-9179-59525D5CC523}.Debug|Any CPU.Build.0 = Debug|Any CPU
		{DBE0ED9B-18BA-FB9A-9179-59525D5CC523}.Release|Any CPU.ActiveCfg = Release|Any CPU
		{DBE0ED9B-18BA-FB9A-9179-59525D5CC523}.Release|Any CPU.Build.0 = Release|Any CPU
		{097FB7CD-9C05-69ED-B18A-E3287C422A07}.Debug|Any CPU.ActiveCfg = Debug|Any CPU
		{097FB7CD-9C05-69ED-B18A-E3287C422A07}.Debug|Any CPU.Build.0 = Debug|Any CPU
		{097FB7CD-9C05-69ED-B18A-E3287C422A07}.Release|Any CPU.ActiveCfg = Release|Any CPU
		{097FB7CD-9C05-69ED-B18A-E3287C422A07}.Release|Any CPU.Build.0 = Release|Any CPU
		{48BB21BE-4CE3-8BA2-C1B0-7617C68741E7}.Debug|Any CPU.ActiveCfg = Debug|Any CPU
		{48BB21BE-4CE3-8BA2-C1B0-7617C68741E7}.Debug|Any CPU.Build.0 = Debug|Any CPU
		{48BB21BE-4CE3-8BA2-C1B0-7617C68741E7}.Release|Any CPU.ActiveCfg = Release|Any CPU
		{48BB21BE-4CE3-8BA2-C1B0-7617C68741E7}.Release|Any CPU.Build.0 = Release|Any CPU
		{676130A5-05E1-1C77-CB34-F0737EB910B2}.Debug|Any CPU.ActiveCfg = Debug|Any CPU
		{676130A5-05E1-1C77-CB34-F0737EB910B2}.Debug|Any CPU.Build.0 = Debug|Any CPU
		{676130A5-05E1-1C77-CB34-F0737EB910B2}.Release|Any CPU.ActiveCfg = Release|Any CPU
		{676130A5-05E1-1C77-CB34-F0737EB910B2}.Release|Any CPU.Build.0 = Release|Any CPU
		{7879583F-EB4D-543F-81D2-EA20A7871F08}.Debug|Any CPU.ActiveCfg = Debug|Any CPU
		{7879583F-EB4D-543F-81D2-EA20A7871F08}.Debug|Any CPU.Build.0 = Debug|Any CPU
		{7879583F-EB4D-543F-81D2-EA20A7871F08}.Release|Any CPU.ActiveCfg = Release|Any CPU
		{7879583F-EB4D-543F-81D2-EA20A7871F08}.Release|Any CPU.Build.0 = Release|Any CPU
		{61B24C91-7F1B-D8B0-68C2-4D56B73CB8BE}.Debug|Any CPU.ActiveCfg = Debug|Any CPU
		{61B24C91-7F1B-D8B0-68C2-4D56B73CB8BE}.Debug|Any CPU.Build.0 = Debug|Any CPU
		{61B24C91-7F1B-D8B0-68C2-4D56B73CB8BE}.Release|Any CPU.ActiveCfg = Release|Any CPU
		{61B24C91-7F1B-D8B0-68C2-4D56B73CB8BE}.Release|Any CPU.Build.0 = Release|Any CPU
		{3CC404CD-4445-D8B5-FED0-95C973FA7892}.Debug|Any CPU.ActiveCfg = Debug|Any CPU
		{3CC404CD-4445-D8B5-FED0-95C973FA7892}.Debug|Any CPU.Build.0 = Debug|Any CPU
		{3CC404CD-4445-D8B5-FED0-95C973FA7892}.Release|Any CPU.ActiveCfg = Release|Any CPU
		{3CC404CD-4445-D8B5-FED0-95C973FA7892}.Release|Any CPU.Build.0 = Release|Any CPU
	EndGlobalSection
	GlobalSection(SolutionProperties) = preSolution
		HideSolutionNode = FALSE
	EndGlobalSection
EndGlobal
